{
  "originHash" : "3940503877a36d901c452aa429eecf697bceba0c90d3a1d09a1d434aae0f966c",
  "pins" : [
    {
      "identity" : "confettiswiftui",
      "kind" : "remoteSourceControl",
      "location" : "https://github.com/simibac/ConfettiSwiftUI.git",
      "state" : {
        "branch" : "master",
        "revision" : "469de4e43949815dc92570cc786922d8d1385b06"
      }
    },
    {
      "identity" : "haptico",
      "kind" : "remoteSourceControl",
      "location" : "https://github.com/iSapozhnik/Haptico",
      "state" : {
        "revision" : "1a7bd947f1e96243f4a04a532257eb64b0e046e6",
        "version" : "1.2.0"
      }
    },
    {
      "identity" : "networkimage",
      "kind" : "remoteSourceControl",
      "location" : "https://github.com/gonzalezreal/NetworkImage",
      "state" : {
        "revision" : "7aff8d1b31148d32c5933d75557d42f6323ee3d1",
        "version" : "6.0.0"
      }
    },
    {
      "identity" : "openai",
      "kind" : "remoteSourceControl",
      "location" : "https://github.com/MacPaw/OpenAI",
      "state" : {
        "revision" : "ac5892fd0de8d283362ddc30f8e9f1a0eaba8cc0",
        "version" : "0.2.5"
      }
    },
    {
      "identity" : "splash",
      "kind" : "remoteSourceControl",
      "location" : "https://github.com/JohnSundell/Splash.git",
      "state" : {
        "revision" : "7f4df436eb78fe64fe2c32c58006e9949fa28ad8",
        "version" : "0.16.0"
      }
    },
    {
      "identity" : "swift-markdown-ui",
      "kind" : "remoteSourceControl",
      "location" : "https://github.com/gonzalezreal/swift-markdown-ui.git",
      "state" : {
        "revision" : "9a8119b37e09a770367eeb26e05267c75d854053",
        "version" : "2.3.1"
      }
    },
    {
      "identity" : "throttler",
      "kind" : "remoteSourceControl",
      "location" : "https://github.com/boraseoksoon/Throttler.git",
      "state" : {
        "revision" : "bd0b16eb9c02e992e2c6cefec3abea0e74b90369",
        "version" : "2.1.3"
      }
    },
    {
      "identity" : "visualeffectview",
      "kind" : "remoteSourceControl",
      "location" : "https://github.com/moderato-app/VisualEffectView",
      "state" : {
        "branch" : "master",
        "revision" : "f6d723cbff308332875afe60987ffe2a48b24486"
      }
    }
  ],
  "version" : 3
}
