// !$*UTF8*$!
{
	archiveVersion = 1;
	classes = {
	};
	objectVersion = 70;
	objects = {

/* Begin PBXBuildFile section */
		EB13D6682BC9C61F00B38A5E /* StoreKit.swift in Sources */ = {isa = PBXBuildFile; fileRef = EB13D6672BC9C61F00B38A5E /* StoreKit.swift */; };
		EB1B46DF2EDAF0AD00FD053A /* AIProxy in Frameworks */ = {isa = PBXBuildFile; productRef = EB1B46DE2EDAF0AD00FD053A /* AIProxy */; };
		EB4A0EE52B6F908D0065BCDC /* OpenAI in Frameworks */ = {isa = PBXBuildFile; productRef = EB4A0EE42B6F908D0065BCDC /* OpenAI */; };
		EB64221A2B6F7BB100119DE6 /* Assets.xcassets in Resources */ = {isa = PBXBuildFile; fileRef = EB6422192B6F7BB100119DE6 /* Assets.xcassets */; };
		EB64226F2B6F7CB100119DE6 /* ChatoApp.swift in Sources */ = {isa = PBXBuildFile; fileRef = EB64226E2B6F7CB100119DE6 /* ChatoApp.swift */; };
		EB7906B82B977FD600BB16D1 /* EventManager.swift in Sources */ = {isa = PBXBuildFile; fileRef = EB7906B72B977FD600BB16D1 /* EventManager.swift */; };
		EB80897D2CE12A100003BACD /* SwiftOpenAI in Frameworks */ = {isa = PBXBuildFile; productRef = EB80897C2CE12A100003BACD /* SwiftOpenAI */; };
		EB8FB4F32C3940D60041833B /* MarkdownUI in Frameworks */ = {isa = PBXBuildFile; productRef = EB8FB4F22C3940D60041833B /* MarkdownUI */; };
		EB9E72012BCAB5FB00D5B110 /* Product.swift in Sources */ = {isa = PBXBuildFile; fileRef = EB9E72002BCAB5FB00D5B110 /* Product.swift */; };
		EB9E72042BCAB7DF00D5B110 /* ConfettiSwiftUI in Frameworks */ = {isa = PBXBuildFile; productRef = EB9E72032BCAB7DF00D5B110 /* ConfettiSwiftUI */; };
		EBA73E2F2CDD3006007E480C /* VisualEffectView in Frameworks */ = {isa = PBXBuildFile; productRef = EBA73E2E2CDD3006007E480C /* VisualEffectView */; };
		EBB075CE2B93A074007328EF /* prompts.json in Resources */ = {isa = PBXBuildFile; fileRef = EBB075CD2B93A074007328EF /* prompts.json */; };
		EBB4EF292CDDC02200F38178 /* VisualEffectView in Frameworks */ = {isa = PBXBuildFile; productRef = EBB4EF282CDDC02200F38178 /* VisualEffectView */; };
		EBC1F9092D1853F50008D5E7 /* Fakery in Frameworks */ = {isa = PBXBuildFile; productRef = EBC1F9082D1853F50008D5E7 /* Fakery */; };
		EBCFF3952B6FF4CC00498E1E /* Throttler in Frameworks */ = {isa = PBXBuildFile; productRef = EBCFF3942B6FF4CC00498E1E /* Throttler */; };
		EBD0114C2B98F2840046F235 /* Haptico in Frameworks */ = {isa = PBXBuildFile; productRef = EBD0114B2B98F2840046F235 /* Haptico */; };
/* End PBXBuildFile section */

/* Begin PBXCopyFilesBuildPhase section */
		EB58C3BB2B85C73B00DF8DDB /* Embed Frameworks */ = {
			isa = PBXCopyFilesBuildPhase;
			buildActionMask = 2147483647;
			dstPath = "";
			dstSubfolderSpec = 10;
			files = (
			);
			name = "Embed Frameworks";
			runOnlyForDeploymentPostprocessing = 0;
		};
/* End PBXCopyFilesBuildPhase section */

/* Begin PBXFileReference section */
		EB13D6672BC9C61F00B38A5E /* StoreKit.swift */ = {isa = PBXFileReference; fileEncoding = 4; lastKnownFileType = sourcecode.swift; path = StoreKit.swift; sourceTree = "<group>"; };
		EB13D6692BC9D40C00B38A5E /* PurchaseSync.storekit */ = {isa = PBXFileReference; lastKnownFileType = text; path = PurchaseSync.storekit; sourceTree = "<group>"; };
		EB6422102B6F7BB000119DE6 /* Chato.app */ = {isa = PBXFileReference; explicitFileType = wrapper.application; includeInIndex = 0; path = Chato.app; sourceTree = BUILT_PRODUCTS_DIR; };
		EB6422192B6F7BB100119DE6 /* Assets.xcassets */ = {isa = PBXFileReference; lastKnownFileType = folder.assetcatalog; path = Assets.xcassets; sourceTree = "<group>"; };
		EB6422232B6F7C0600119DE6 /* .gitignore */ = {isa = PBXFileReference; fileEncoding = 4; lastKnownFileType = text; path = .gitignore; sourceTree = "<group>"; };
		EB64226E2B6F7CB100119DE6 /* ChatoApp.swift */ = {isa = PBXFileReference; fileEncoding = 4; lastKnownFileType = sourcecode.swift; path = ChatoApp.swift; sourceTree = "<group>"; };
		EB6451F82B72CCDE00434D47 /* Chato.entitlements */ = {isa = PBXFileReference; lastKnownFileType = text.plist.entitlements; path = Chato.entitlements; sourceTree = "<group>"; };
		EB6451FB2B72CEF400434D47 /* Info.plist */ = {isa = PBXFileReference; lastKnownFileType = text.plist; path = Info.plist; sourceTree = "<group>"; };
		EB7906B72B977FD600BB16D1 /* EventManager.swift */ = {isa = PBXFileReference; lastKnownFileType = sourcecode.swift; path = EventManager.swift; sourceTree = "<group>"; };
		EB8EE4512CE21AA500EDDE04 /* Highlightr */ = {isa = PBXFileReference; lastKnownFileType = wrapper; name = Highlightr; path = ../Highlightr; sourceTree = "<group>"; };
		EB9E72002BCAB5FB00D5B110 /* Product.swift */ = {isa = PBXFileReference; lastKnownFileType = sourcecode.swift; path = Product.swift; sourceTree = "<group>"; };
		EBA256B02BCAD15000141F3E /* PrivacyInfo.xcprivacy */ = {isa = PBXFileReference; lastKnownFileType = text.xml; path = PrivacyInfo.xcprivacy; sourceTree = "<group>"; };
		EBA73E2C2CDD2FD2007E480C /* VisualEffectView */ = {isa = PBXFileReference; lastKnownFileType = wrapper; name = VisualEffectView; path = ../../../Downloads/VisualEffectView; sourceTree = "<group>"; };
		EBB075CD2B93A074007328EF /* prompts.json */ = {isa = PBXFileReference; fileEncoding = 4; lastKnownFileType = text.json; path = prompts.json; sourceTree = "<group>"; };
/* End PBXFileReference section */

/* Begin PBXFileSystemSynchronizedRootGroup section */
		EB1B46E72EDAF69800FD053A /* ci_scripts */ = {isa = PBXFileSystemSynchronizedRootGroup; explicitFileTypes = {}; explicitFolders = (); path = ci_scripts; sourceTree = "<group>"; };
		EB1B46E92EDAF6C000FD053A /* Pref */ = {isa = PBXFileSystemSynchronizedRootGroup; explicitFileTypes = {}; explicitFolders = (); path = Pref; sourceTree = "<group>"; };
		EB1B46EC2EDAF6C900FD053A /* State */ = {isa = PBXFileSystemSynchronizedRootGroup; explicitFileTypes = {}; explicitFolders = (); path = State; sourceTree = "<group>"; };
		EB1B46F52EDAF6CD00FD053A /* Service */ = {isa = PBXFileSystemSynchronizedRootGroup; explicitFileTypes = {}; explicitFolders = (); path = Service; sourceTree = "<group>"; };
		EB1B470C2EDAF6D100FD053A /* Models */ = {isa = PBXFileSystemSynchronizedRootGroup; explicitFileTypes = {}; explicitFolders = (); path = Models; sourceTree = "<group>"; };
		EB1B47202EDAF6D400FD053A /* Theme+Effect */ = {isa = PBXFileSystemSynchronizedRootGroup; explicitFileTypes = {}; explicitFolders = (); path = "Theme+Effect"; sourceTree = "<group>"; };
		EB1B472E2EDAF6E000FD053A /* Extensions */ = {isa = PBXFileSystemSynchronizedRootGroup; explicitFileTypes = {}; explicitFolders = (); path = Extensions; sourceTree = "<group>"; };
		EB1B473A2EDAF6E200FD053A /* Util */ = {isa = PBXFileSystemSynchronizedRootGroup; explicitFileTypes = {}; explicitFolders = (); path = Util; sourceTree = "<group>"; };
		EB1B473F2EDAF6E400FD053A /* Tips */ = {isa = PBXFileSystemSynchronizedRootGroup; explicitFileTypes = {}; explicitFolders = (); path = Tips; sourceTree = "<group>"; };
		EB1B47432EDAF6E800FD053A /* Preview Content */ = {isa = PBXFileSystemSynchronizedRootGroup; explicitFileTypes = {}; explicitFolders = (); path = "Preview Content"; sourceTree = "<group>"; };
		EB1B47DF2EDAF7A500FD053A /* Views */ = {isa = PBXFileSystemSynchronizedRootGroup; explicitFileTypes = {}; explicitFolders = (); path = Views; sourceTree = "<group>"; };
		EB8EE4462CE20C1900EDDE04 /* Test */ = {isa = PBXFileSystemSynchronizedRootGroup; explicitFileTypes = {}; explicitFolders = (); path = Test; sourceTree = "<group>"; };
/* End PBXFileSystemSynchronizedRootGroup section */

/* Begin PBXFrameworksBuildPhase section */
		EB64220D2B6F7BB000119DE6 /* Frameworks */ = {
			isa = PBXFrameworksBuildPhase;
			buildActionMask = 2147483647;
			files = (
				EBC1F9092D1853F50008D5E7 /* Fakery in Frameworks */,
				EBCFF3952B6FF4CC00498E1E /* Throttler in Frameworks */,
				EB80897D2CE12A100003BACD /* SwiftOpenAI in Frameworks */,
				EB4A0EE52B6F908D0065BCDC /* OpenAI in Frameworks */,
				EBA73E2F2CDD3006007E480C /* VisualEffectView in Frameworks */,
				EBB4EF292CDDC02200F38178 /* VisualEffectView in Frameworks */,
				EB8FB4F32C3940D60041833B /* MarkdownUI in Frameworks */,
				EBD0114C2B98F2840046F235 /* Haptico in Frameworks */,
				EB1B46DF2EDAF0AD00FD053A /* AIProxy in Frameworks */,
				EB9E72042BCAB7DF00D5B110 /* ConfettiSwiftUI in Frameworks */,
			);
			runOnlyForDeploymentPostprocessing = 0;
		};
/* End PBXFrameworksBuildPhase section */

/* Begin PBXGroup section */
		EB4A0EE32B6F908D0065BCDC /* Frameworks */ = {
			isa = PBXGroup;
			children = (
				EB8EE4512CE21AA500EDDE04 /* Highlightr */,
				EBA73E2C2CDD2FD2007E480C /* VisualEffectView */,
			);
			name = Frameworks;
			sourceTree = "<group>";
		};
		EB6422072B6F7BB000119DE6 = {
			isa = PBXGroup;
			children = (
				EB1B46E72EDAF69800FD053A /* ci_scripts */,
				EB6422122B6F7BB000119DE6 /* Chato */,
				EB8EE4462CE20C1900EDDE04 /* Test */,
				EB6422112B6F7BB000119DE6 /* Products */,
				EB4A0EE32B6F908D0065BCDC /* Frameworks */,
				EB6422232B6F7C0600119DE6 /* .gitignore */,
			);
			sourceTree = "<group>";
		};
		EB6422112B6F7BB000119DE6 /* Products */ = {
			isa = PBXGroup;
			children = (
				EB6422102B6F7BB000119DE6 /* Chato.app */,
			);
			name = Products;
			sourceTree = "<group>";
		};
		EB6422122B6F7BB000119DE6 /* Chato */ = {
			isa = PBXGroup;
			children = (
				EB64226E2B6F7CB100119DE6 /* ChatoApp.swift */,
				EB7906B72B977FD600BB16D1 /* EventManager.swift */,
				EB1B46E92EDAF6C000FD053A /* Pref */,
				EB1B46EC2EDAF6C900FD053A /* State */,
				EB1B46F52EDAF6CD00FD053A /* Service */,
				EB1B470C2EDAF6D100FD053A /* Models */,
				EB1B47202EDAF6D400FD053A /* Theme+Effect */,
				EB1B47DF2EDAF7A500FD053A /* Views */,
				EB1B472E2EDAF6E000FD053A /* Extensions */,
				EB1B473A2EDAF6E200FD053A /* Util */,
				EB1B473F2EDAF6E400FD053A /* Tips */,
				EB1B47432EDAF6E800FD053A /* Preview Content */,
				EB13D6672BC9C61F00B38A5E /* StoreKit.swift */,
				EB9E72002BCAB5FB00D5B110 /* Product.swift */,
				EB6451F82B72CCDE00434D47 /* Chato.entitlements */,
				EB6422192B6F7BB100119DE6 /* Assets.xcassets */,
				EBB075CD2B93A074007328EF /* prompts.json */,
				EB13D6692BC9D40C00B38A5E /* PurchaseSync.storekit */,
				EBA256B02BCAD15000141F3E /* PrivacyInfo.xcprivacy */,
				EB6451FB2B72CEF400434D47 /* Info.plist */,
			);
			path = Chato;
			sourceTree = "<group>";
		};
/* End PBXGroup section */

/* Begin PBXNativeTarget section */
		EB64220F2B6F7BB000119DE6 /* Chato */ = {
			isa = PBXNativeTarget;
			buildConfigurationList = EB6422202B6F7BB100119DE6 /* Build configuration list for PBXNativeTarget "Chato" */;
			buildPhases = (
				EB64220C2B6F7BB000119DE6 /* Sources */,
				EB64220D2B6F7BB000119DE6 /* Frameworks */,
				EB64220E2B6F7BB000119DE6 /* Resources */,
				EB58C3BB2B85C73B00DF8DDB /* Embed Frameworks */,
			);
			buildRules = (
			);
			dependencies = (
			);
			fileSystemSynchronizedGroups = (
				EB1B46E92EDAF6C000FD053A /* Pref */,
				EB1B46EC2EDAF6C900FD053A /* State */,
				EB1B46F52EDAF6CD00FD053A /* Service */,
				EB1B470C2EDAF6D100FD053A /* Models */,
				EB1B47202EDAF6D400FD053A /* Theme+Effect */,
				EB1B472E2EDAF6E000FD053A /* Extensions */,
				EB1B473A2EDAF6E200FD053A /* Util */,
				EB1B473F2EDAF6E400FD053A /* Tips */,
				EB1B47432EDAF6E800FD053A /* Preview Content */,
				EB1B47DF2EDAF7A500FD053A /* Views */,
			);
			name = Chato;
			packageProductDependencies = (
				EB4A0EE42B6F908D0065BCDC /* OpenAI */,
				EBCFF3942B6FF4CC00498E1E /* Throttler */,
				EBD0114B2B98F2840046F235 /* Haptico */,
				EB9E72032BCAB7DF00D5B110 /* ConfettiSwiftUI */,
				EB8FB4F22C3940D60041833B /* MarkdownUI */,
				EBA73E2E2CDD3006007E480C /* VisualEffectView */,
				EBB4EF282CDDC02200F38178 /* VisualEffectView */,
				EB80897C2CE12A100003BACD /* SwiftOpenAI */,
				EBC1F9082D1853F50008D5E7 /* Fakery */,
				EB1B46DE2EDAF0AD00FD053A /* AIProxy */,
			);
			productName = Chato;
			productReference = EB6422102B6F7BB000119DE6 /* Chato.app */;
			productType = "com.apple.product-type.application";
		};
/* End PBXNativeTarget section */

/* Begin PBXProject section */
		EB6422082B6F7BB000119DE6 /* Project object */ = {
			isa = PBXProject;
			attributes = {
				BuildIndependentTargetsInParallel = 1;
				LastSwiftUpdateCheck = 1600;
				LastUpgradeCheck = 1520;
				TargetAttributes = {
					EB64220F2B6F7BB000119DE6 = {
						CreatedOnToolsVersion = 15.2;
						LastSwiftMigration = 1520;
					};
				};
			};
			buildConfigurationList = EB64220B2B6F7BB000119DE6 /* Build configuration list for PBXProject "Chato" */;
			compatibilityVersion = "Xcode 14.0";
			developmentRegion = en;
			hasScannedForEncodings = 0;
			knownRegions = (
				en,
				Base,
			);
			mainGroup = EB6422072B6F7BB000119DE6;
			packageReferences = (
				EB6422702B6F7D1800119DE6 /* XCRemoteSwiftPackageReference "OpenAI" */,
				EBCFF3932B6FF4CC00498E1E /* XCRemoteSwiftPackageReference "Throttler" */,
				EBD0114A2B98F2840046F235 /* XCRemoteSwiftPackageReference "Haptico" */,
				EB9E72022BCAB7DF00D5B110 /* XCRemoteSwiftPackageReference "ConfettiSwiftUI" */,
				EB8FB4F12C3940D60041833B /* XCRemoteSwiftPackageReference "swift-markdown-ui" */,
				EBB4EF272CDDC02200F38178 /* XCRemoteSwiftPackageReference "VisualEffectView" */,
				EB80897B2CE12A100003BACD /* XCRemoteSwiftPackageReference "SwiftOpenAI" */,
				EBC1F9072D1853F50008D5E7 /* XCRemoteSwiftPackageReference "Fakery" */,
				EB1B46DD2EDAF0AD00FD053A /* XCRemoteSwiftPackageReference "AIProxySwift" */,
			);
			productRefGroup = EB6422112B6F7BB000119DE6 /* Products */;
			projectDirPath = "";
			projectRoot = "";
			targets = (
				EB64220F2B6F7BB000119DE6 /* Chato */,
			);
		};
/* End PBXProject section */

/* Begin PBXResourcesBuildPhase section */
		EB64220E2B6F7BB000119DE6 /* Resources */ = {
			isa = PBXResourcesBuildPhase;
			buildActionMask = 2147483647;
			files = (
				EBB075CE2B93A074007328EF /* prompts.json in Resources */,
				EB64221A2B6F7BB100119DE6 /* Assets.xcassets in Resources */,
			);
			runOnlyForDeploymentPostprocessing = 0;
		};
/* End PBXResourcesBuildPhase section */

/* Begin PBXSourcesBuildPhase section */
		EB64220C2B6F7BB000119DE6 /* Sources */ = {
			isa = PBXSourcesBuildPhase;
			buildActionMask = 2147483647;
			files = (
				EB64226F2B6F7CB100119DE6 /* ChatoApp.swift in Sources */,
				EB7906B82B977FD600BB16D1 /* EventManager.swift in Sources */,
				EB9E72012BCAB5FB00D5B110 /* Product.swift in Sources */,
				EB13D6682BC9C61F00B38A5E /* StoreKit.swift in Sources */,
			);
			runOnlyForDeploymentPostprocessing = 0;
		};
/* End PBXSourcesBuildPhase section */

/* Begin XCBuildConfiguration section */
		EB64221E2B6F7BB100119DE6 /* Debug */ = {
			isa = XCBuildConfiguration;
			buildSettings = {
				ALWAYS_SEARCH_USER_PATHS = NO;
				ASSETCATALOG_COMPILER_GENERATE_SWIFT_ASSET_SYMBOL_EXTENSIONS = YES;
				CLANG_ANALYZER_NONNULL = YES;
				CLANG_ANALYZER_NUMBER_OBJECT_CONVERSION = YES_AGGRESSIVE;
				CLANG_CXX_LANGUAGE_STANDARD = "gnu++20";
				CLANG_ENABLE_MODULES = YES;
				CLANG_ENABLE_OBJC_ARC = YES;
				CLANG_ENABLE_OBJC_WEAK = YES;
				CLANG_WARN_BLOCK_CAPTURE_AUTORELEASING = YES;
				CLANG_WARN_BOOL_CONVERSION = YES;
				CLANG_WARN_COMMA = YES;
				CLANG_WARN_CONSTANT_CONVERSION = YES;
				CLANG_WARN_DEPRECATED_OBJC_IMPLEMENTATIONS = YES;
				CLANG_WARN_DIRECT_OBJC_ISA_USAGE = YES_ERROR;
				CLANG_WARN_DOCUMENTATION_COMMENTS = YES;
				CLANG_WARN_EMPTY_BODY = YES;
				CLANG_WARN_ENUM_CONVERSION = YES;
				CLANG_WARN_INFINITE_RECURSION = YES;
				CLANG_WARN_INT_CONVERSION = YES;
				CLANG_WARN_NON_LITERAL_NULL_CONVERSION = YES;
				CLANG_WARN_OBJC_IMPLICIT_RETAIN_SELF = YES;
				CLANG_WARN_OBJC_LITERAL_CONVERSION = YES;
				CLANG_WARN_OBJC_ROOT_CLASS = YES_ERROR;
				CLANG_WARN_QUOTED_INCLUDE_IN_FRAMEWORK_HEADER = YES;
				CLANG_WARN_RANGE_LOOP_ANALYSIS = YES;
				CLANG_WARN_STRICT_PROTOTYPES = YES;
				CLANG_WARN_SUSPICIOUS_MOVE = YES;
				CLANG_WARN_UNGUARDED_AVAILABILITY = YES_AGGRESSIVE;
				CLANG_WARN_UNREACHABLE_CODE = YES;
				CLANG_WARN__DUPLICATE_METHOD_MATCH = YES;
				COPY_PHASE_STRIP = NO;
				DEBUG_INFORMATION_FORMAT = "dwarf-with-dsym";
				ENABLE_STRICT_OBJC_MSGSEND = YES;
				ENABLE_TESTABILITY = YES;
				ENABLE_USER_SCRIPT_SANDBOXING = YES;
				GCC_C_LANGUAGE_STANDARD = gnu17;
				GCC_DYNAMIC_NO_PIC = NO;
				GCC_NO_COMMON_BLOCKS = YES;
				GCC_OPTIMIZATION_LEVEL = 0;
				GCC_PREPROCESSOR_DEFINITIONS = (
					"DEBUG=1",
					"$(inherited)",
				);
				GCC_WARN_64_TO_32_BIT_CONVERSION = YES;
				GCC_WARN_ABOUT_RETURN_TYPE = YES_ERROR;
				GCC_WARN_UNDECLARED_SELECTOR = YES;
				GCC_WARN_UNINITIALIZED_AUTOS = YES_AGGRESSIVE;
				GCC_WARN_UNUSED_FUNCTION = YES;
				GCC_WARN_UNUSED_VARIABLE = YES;
				IPHONEOS_DEPLOYMENT_TARGET = 17.5;
				LOCALIZATION_PREFERS_STRING_CATALOGS = YES;
				MTL_ENABLE_DEBUG_INFO = INCLUDE_SOURCE;
				MTL_FAST_MATH = YES;
				ONLY_ACTIVE_ARCH = YES;
				SDKROOT = iphoneos;
				SWIFT_ACTIVE_COMPILATION_CONDITIONS = "DEBUG $(inherited)";
				SWIFT_OPTIMIZATION_LEVEL = "-Onone";
			};
			name = Debug;
		};
		EB64221F2B6F7BB100119DE6 /* Release */ = {
			isa = XCBuildConfiguration;
			buildSettings = {
				ALWAYS_SEARCH_USER_PATHS = NO;
				ASSETCATALOG_COMPILER_GENERATE_SWIFT_ASSET_SYMBOL_EXTENSIONS = YES;
				CLANG_ANALYZER_NONNULL = YES;
				CLANG_ANALYZER_NUMBER_OBJECT_CONVERSION = YES_AGGRESSIVE;
				CLANG_CXX_LANGUAGE_STANDARD = "gnu++20";
				CLANG_ENABLE_MODULES = YES;
				CLANG_ENABLE_OBJC_ARC = YES;
				CLANG_ENABLE_OBJC_WEAK = YES;
				CLANG_WARN_BLOCK_CAPTURE_AUTORELEASING = YES;
				CLANG_WARN_BOOL_CONVERSION = YES;
				CLANG_WARN_COMMA = YES;
				CLANG_WARN_CONSTANT_CONVERSION = YES;
				CLANG_WARN_DEPRECATED_OBJC_IMPLEMENTATIONS = YES;
				CLANG_WARN_DIRECT_OBJC_ISA_USAGE = YES_ERROR;
				CLANG_WARN_DOCUMENTATION_COMMENTS = YES;
				CLANG_WARN_EMPTY_BODY = YES;
				CLANG_WARN_ENUM_CONVERSION = YES;
				CLANG_WARN_INFINITE_RECURSION = YES;
				CLANG_WARN_INT_CONVERSION = YES;
				CLANG_WARN_NON_LITERAL_NULL_CONVERSION = YES;
				CLANG_WARN_OBJC_IMPLICIT_RETAIN_SELF = YES;
				CLANG_WARN_OBJC_LITERAL_CONVERSION = YES;
				CLANG_WARN_OBJC_ROOT_CLASS = YES_ERROR;
				CLANG_WARN_QUOTED_INCLUDE_IN_FRAMEWORK_HEADER = YES;
				CLANG_WARN_RANGE_LOOP_ANALYSIS = YES;
				CLANG_WARN_STRICT_PROTOTYPES = YES;
				CLANG_WARN_SUSPICIOUS_MOVE = YES;
				CLANG_WARN_UNGUARDED_AVAILABILITY = YES_AGGRESSIVE;
				CLANG_WARN_UNREACHABLE_CODE = YES;
				CLANG_WARN__DUPLICATE_METHOD_MATCH = YES;
				COPY_PHASE_STRIP = NO;
				DEBUG_INFORMATION_FORMAT = "dwarf-with-dsym";
				ENABLE_NS_ASSERTIONS = NO;
				ENABLE_STRICT_OBJC_MSGSEND = YES;
				ENABLE_USER_SCRIPT_SANDBOXING = YES;
				GCC_C_LANGUAGE_STANDARD = gnu17;
				GCC_NO_COMMON_BLOCKS = YES;
				GCC_WARN_64_TO_32_BIT_CONVERSION = YES;
				GCC_WARN_ABOUT_RETURN_TYPE = YES_ERROR;
				GCC_WARN_UNDECLARED_SELECTOR = YES;
				GCC_WARN_UNINITIALIZED_AUTOS = YES_AGGRESSIVE;
				GCC_WARN_UNUSED_FUNCTION = YES;
				GCC_WARN_UNUSED_VARIABLE = YES;
				IPHONEOS_DEPLOYMENT_TARGET = 17.5;
				LOCALIZATION_PREFERS_STRING_CATALOGS = YES;
				MTL_ENABLE_DEBUG_INFO = NO;
				MTL_FAST_MATH = YES;
				SDKROOT = iphoneos;
				SWIFT_COMPILATION_MODE = wholemodule;
				VALIDATE_PRODUCT = YES;
			};
			name = Release;
		};
		EB6422212B6F7BB100119DE6 /* Debug */ = {
			isa = XCBuildConfiguration;
			buildSettings = {
				ASSETCATALOG_COMPILER_APPICON_NAME = AppIcon;
				ASSETCATALOG_COMPILER_GLOBAL_ACCENT_COLOR_NAME = AccentColor;
				CLANG_ENABLE_MODULES = YES;
				CODE_SIGN_ENTITLEMENTS = Chato/Chato.entitlements;
				CODE_SIGN_IDENTITY = "Apple Development";
				CODE_SIGN_STYLE = Automatic;
				CURRENT_PROJECT_VERSION = 1;
				DEVELOPMENT_ASSET_PATHS = "\"Chato/Preview Content\"";
				DEVELOPMENT_TEAM = 46PN73H4K6;
				ENABLE_PREVIEWS = YES;
				GENERATE_INFOPLIST_FILE = YES;
				INFOPLIST_FILE = Chato/Info.plist;
				INFOPLIST_KEY_CFBundleDisplayName = "ChatO Dev";
				INFOPLIST_KEY_LSApplicationCategoryType = "public.app-category.productivity";
				INFOPLIST_KEY_NSMicrophoneUsageDescription = "This app uses the mircrophone to record audio for speech recognition.";
				INFOPLIST_KEY_NSSpeechRecognitionUsageDescription = "This app uses speech recognition to convert your speech into text.";
				INFOPLIST_KEY_UIApplicationSceneManifest_Generation = YES;
				INFOPLIST_KEY_UIApplicationSupportsIndirectInputEvents = YES;
				INFOPLIST_KEY_UILaunchScreen_Generation = YES;
				INFOPLIST_KEY_UISupportedInterfaceOrientations = "UIInterfaceOrientationLandscapeLeft UIInterfaceOrientationLandscapeRight UIInterfaceOrientationPortrait UIInterfaceOrientationPortraitUpsideDown";
				IPHONEOS_DEPLOYMENT_TARGET = 18.0;
				LD_RUNPATH_SEARCH_PATHS = (
					"$(inherited)",
					"@executable_path/Frameworks",
				);
				MARKETING_VERSION = 18.0.5;
				PRODUCT_BUNDLE_IDENTIFIER = app.moderato.Chato.Chato.debug;
				PRODUCT_NAME = "$(TARGET_NAME)";
				PROVISIONING_PROFILE_SPECIFIER = "";
				SUPPORTED_PLATFORMS = "iphoneos iphonesimulator";
				SUPPORTS_MACCATALYST = NO;
				SUPPORTS_XR_DESIGNED_FOR_IPHONE_IPAD = NO;
				SWIFT_EMIT_LOC_STRINGS = YES;
				SWIFT_OPTIMIZATION_LEVEL = "-Onone";
				SWIFT_VERSION = 5.0;
				TARGETED_DEVICE_FAMILY = "1,2";
			};
			name = Debug;
		};
		EB6422222B6F7BB100119DE6 /* Release */ = {
			isa = XCBuildConfiguration;
			buildSettings = {
				ASSETCATALOG_COMPILER_APPICON_NAME = AppIcon;
				ASSETCATALOG_COMPILER_GLOBAL_ACCENT_COLOR_NAME = AccentColor;
				CLANG_ENABLE_MODULES = YES;
				CODE_SIGN_ENTITLEMENTS = Chato/Chato.entitlements;
				CODE_SIGN_IDENTITY = "Apple Development";
				CODE_SIGN_STYLE = Automatic;
				CURRENT_PROJECT_VERSION = 1;
				DEVELOPMENT_ASSET_PATHS = "\"Chato/Preview Content\"";
				DEVELOPMENT_TEAM = 46PN73H4K6;
				ENABLE_PREVIEWS = YES;
				GENERATE_INFOPLIST_FILE = YES;
				INFOPLIST_FILE = Chato/Info.plist;
				INFOPLIST_KEY_CFBundleDisplayName = ChatO;
				INFOPLIST_KEY_LSApplicationCategoryType = "public.app-category.productivity";
				INFOPLIST_KEY_NSMicrophoneUsageDescription = "This app uses the mircrophone to record audio for speech recognition.";
				INFOPLIST_KEY_NSSpeechRecognitionUsageDescription = "This app uses speech recognition to convert your speech into text.";
				INFOPLIST_KEY_UIApplicationSceneManifest_Generation = YES;
				INFOPLIST_KEY_UIApplicationSupportsIndirectInputEvents = YES;
				INFOPLIST_KEY_UILaunchScreen_Generation = YES;
				INFOPLIST_KEY_UISupportedInterfaceOrientations = "UIInterfaceOrientationLandscapeLeft UIInterfaceOrientationLandscapeRight UIInterfaceOrientationPortrait UIInterfaceOrientationPortraitUpsideDown";
				IPHONEOS_DEPLOYMENT_TARGET = 18.0;
				LD_RUNPATH_SEARCH_PATHS = (
					"$(inherited)",
					"@executable_path/Frameworks",
				);
				MARKETING_VERSION = 18.0.5;
				PRODUCT_BUNDLE_IDENTIFIER = app.moderato.Chato.Chato;
				PRODUCT_NAME = "$(TARGET_NAME)";
				PROVISIONING_PROFILE_SPECIFIER = "";
				SUPPORTED_PLATFORMS = "iphoneos iphonesimulator";
				SUPPORTS_MACCATALYST = NO;
				SUPPORTS_XR_DESIGNED_FOR_IPHONE_IPAD = NO;
				SWIFT_EMIT_LOC_STRINGS = YES;
				SWIFT_VERSION = 5.0;
				TARGETED_DEVICE_FAMILY = "1,2";
			};
			name = Release;
		};
/* End XCBuildConfiguration section */

/* Begin XCConfigurationList section */
		EB64220B2B6F7BB000119DE6 /* Build configuration list for PBXProject "Chato" */ = {
			isa = XCConfigurationList;
			buildConfigurations = (
				EB64221E2B6F7BB100119DE6 /* Debug */,
				EB64221F2B6F7BB100119DE6 /* Release */,
			);
			defaultConfigurationIsVisible = 0;
			defaultConfigurationName = Release;
		};
		EB6422202B6F7BB100119DE6 /* Build configuration list for PBXNativeTarget "Chato" */ = {
			isa = XCConfigurationList;
			buildConfigurations = (
				EB6422212B6F7BB100119DE6 /* Debug */,
				EB6422222B6F7BB100119DE6 /* Release */,
			);
			defaultConfigurationIsVisible = 0;
			defaultConfigurationName = Release;
		};
/* End XCConfigurationList section */

/* Begin XCRemoteSwiftPackageReference section */
		EB1B46DD2EDAF0AD00FD053A /* XCRemoteSwiftPackageReference "AIProxySwift" */ = {
			isa = XCRemoteSwiftPackageReference;
			repositoryURL = "https://github.com/lzell/AIProxySwift.git";
			requirement = {
				kind = upToNextMajorVersion;
				minimumVersion = 0.132.0;
			};
		};
		EB6422702B6F7D1800119DE6 /* XCRemoteSwiftPackageReference "OpenAI" */ = {
			isa = XCRemoteSwiftPackageReference;
			repositoryURL = "https://github.com/MacPaw/OpenAI";
			requirement = {
				kind = exactVersion;
				version = 0.2.6;
			};
		};
		EB80897B2CE12A100003BACD /* XCRemoteSwiftPackageReference "SwiftOpenAI" */ = {
			isa = XCRemoteSwiftPackageReference;
			repositoryURL = "https://github.com/moderato-app/SwiftOpenAI.git";
			requirement = {
				kind = revision;
				revision = a9aa7214d6fdb113da56fb2be6d44b755ed4686c;
			};
		};
		EB8FB4F12C3940D60041833B /* XCRemoteSwiftPackageReference "swift-markdown-ui" */ = {
			isa = XCRemoteSwiftPackageReference;
			repositoryURL = "https://github.com/gonzalezreal/swift-markdown-ui.git";
			requirement = {
				kind = exactVersion;
				version = 2.3.1;
			};
		};
		EB9E72022BCAB7DF00D5B110 /* XCRemoteSwiftPackageReference "ConfettiSwiftUI" */ = {
			isa = XCRemoteSwiftPackageReference;
			repositoryURL = "https://github.com/simibac/ConfettiSwiftUI.git";
			requirement = {
				branch = master;
				kind = branch;
			};
		};
		EBB4EF272CDDC02200F38178 /* XCRemoteSwiftPackageReference "VisualEffectView" */ = {
			isa = XCRemoteSwiftPackageReference;
			repositoryURL = "https://github.com/moderato-app/VisualEffectView";
			requirement = {
				branch = master;
				kind = branch;
			};
		};
		EBC1F9072D1853F50008D5E7 /* XCRemoteSwiftPackageReference "Fakery" */ = {
			isa = XCRemoteSwiftPackageReference;
			repositoryURL = "https://github.com/vadymmarkov/Fakery";
			requirement = {
				branch = master;
				kind = branch;
			};
		};
		EBCFF3932B6FF4CC00498E1E /* XCRemoteSwiftPackageReference "Throttler" */ = {
			isa = XCRemoteSwiftPackageReference;
			repositoryURL = "https://github.com/boraseoksoon/Throttler.git";
			requirement = {
				kind = upToNextMajorVersion;
				minimumVersion = 2.1.3;
			};
		};
		EBD0114A2B98F2840046F235 /* XCRemoteSwiftPackageReference "Haptico" */ = {
			isa = XCRemoteSwiftPackageReference;
			repositoryURL = "https://github.com/iSapozhnik/Haptico";
			requirement = {
				kind = upToNextMajorVersion;
				minimumVersion = 1.2.0;
			};
		};
/* End XCRemoteSwiftPackageReference section */

/* Begin XCSwiftPackageProductDependency section */
		EB1B46DE2EDAF0AD00FD053A /* AIProxy */ = {
			isa = XCSwiftPackageProductDependency;
			package = EB1B46DD2EDAF0AD00FD053A /* XCRemoteSwiftPackageReference "AIProxySwift" */;
			productName = AIProxy;
		};
		EB4A0EE42B6F908D0065BCDC /* OpenAI */ = {
			isa = XCSwiftPackageProductDependency;
			package = EB6422702B6F7D1800119DE6 /* XCRemoteSwiftPackageReference "OpenAI" */;
			productName = OpenAI;
		};
		EB80897C2CE12A100003BACD /* SwiftOpenAI */ = {
			isa = XCSwiftPackageProductDependency;
			package = EB80897B2CE12A100003BACD /* XCRemoteSwiftPackageReference "SwiftOpenAI" */;
			productName = SwiftOpenAI;
		};
		EB8FB4F22C3940D60041833B /* MarkdownUI */ = {
			isa = XCSwiftPackageProductDependency;
			package = EB8FB4F12C3940D60041833B /* XCRemoteSwiftPackageReference "swift-markdown-ui" */;
			productName = MarkdownUI;
		};
		EB9E72032BCAB7DF00D5B110 /* ConfettiSwiftUI */ = {
			isa = XCSwiftPackageProductDependency;
			package = EB9E72022BCAB7DF00D5B110 /* XCRemoteSwiftPackageReference "ConfettiSwiftUI" */;
			productName = ConfettiSwiftUI;
		};
		EBA73E2E2CDD3006007E480C /* VisualEffectView */ = {
			isa = XCSwiftPackageProductDependency;
			productName = VisualEffectView;
		};
		EBB4EF282CDDC02200F38178 /* VisualEffectView */ = {
			isa = XCSwiftPackageProductDependency;
			package = EBB4EF272CDDC02200F38178 /* XCRemoteSwiftPackageReference "VisualEffectView" */;
			productName = VisualEffectView;
		};
		EBC1F9082D1853F50008D5E7 /* Fakery */ = {
			isa = XCSwiftPackageProductDependency;
			package = EBC1F9072D1853F50008D5E7 /* XCRemoteSwiftPackageReference "Fakery" */;
			productName = Fakery;
		};
		EBCFF3942B6FF4CC00498E1E /* Throttler */ = {
			isa = XCSwiftPackageProductDependency;
			package = EBCFF3932B6FF4CC00498E1E /* XCRemoteSwiftPackageReference "Throttler" */;
			productName = Throttler;
		};
		EBD0114B2B98F2840046F235 /* Haptico */ = {
			isa = XCSwiftPackageProductDependency;
			package = EBD0114A2B98F2840046F235 /* XCRemoteSwiftPackageReference "Haptico" */;
			productName = Haptico;
		};
/* End XCSwiftPackageProductDependency section */
	};
	rootObject = EB6422082B6F7BB000119DE6 /* Project object */;
}
